<?xml version="1.0" encoding="UTF-8" standalone="yes" ?>
<CodeBlocks_project_file>
	<FileVersion major="1" minor="6" />
	<Project>
		<Option title="Teste SLD" />
		<Option pch_mode="2" />
		<Option compiler="gcc" />
		<Build>
			<Target title="Debug">
				<Option output="bin/Debug/Teste SLD" prefix_auto="1" extension_auto="1" />
				<Option object_output="obj/Debug/" />
				<Option type="1" />
				<Option compiler="gcc" />
				<Compiler>
					<Add option="-g" />
				</Compiler>
			</Target>
			<Target title="Release">
				<Option output="bin/Release/Teste SLD" prefix_auto="1" extension_auto="1" />
				<Option object_output="obj/Release/" />
				<Option type="1" />
				<Option compiler="gcc" />
				<Compiler>
					<Add option="-O2" />
				</Compiler>
				<Linker>
					<Add option="-s" />
				</Linker>
			</Target>
		</Build>
		<Compiler>
			<Add option="-Wall" />
			<Add directory="SDL3/include" />
			<Add directory="SDL3_tff/include" />
			<Add directory="SDL3_image/include" />
		</Compiler>
		<Linker>
			<Add library="SDL3" />
			<Add library="SDL3_image" />
			<Add library="SDL3_ttf" />
			<Add directory="SDL3/lib" />
			<Add directory="SDL3_ttf/lib" />
			<Add directory="SDL3_image/lib" />
		</Linker>
		<Unit filename="hdr/desumano.h" />
		<Unit filename="hdr/gerais.h" />
		<Unit filename="hdr/jogo.h" />
		<Unit filename="hdr/mapa.h" />
		<Unit filename="src/conf.c">
			<Option compilerVar="CC" />
		</Unit>
		<Unit filename="src/gera_mapa.c">
			<Option compilerVar="CC" />
		</Unit>
		<Unit filename="src/gerais.c">
			<Option compilerVar="CC" />
		</Unit>
		<Unit filename="src/geral.c">
			<Option compilerVar="CC" />
		</Unit>
		<Unit filename="src/jogo.c">
			<Option compilerVar="CC" />
		</Unit>
		<Unit filename="src/jogofuncoes.c">
			<Option compilerVar="CC" />
		</Unit>
		<Unit filename="src/main.c">
			<Option compilerVar="CC" />
		</Unit>
		<Unit filename="src/menu.c">
			<Option compilerVar="CC" />
		</Unit>
		<Unit filename="src/pause.c">
			<Option compilerVar="CC" />
		</Unit>
		<Unit filename="src/texto.c">
			<Option compilerVar="CC" />
		</Unit>
		<Extensions>
			<lib_finder disable_auto="1" />
		</Extensions>
	</Project>
</CodeBlocks_project_file>
